
Microsoft Visual Studio Solution File, Format Version 12.00
# Visual Studio 2012
Project("{8BC9CEB8-8B4A-11D0-8D11-00A0C91BC942}") = "Waves", "Waves\Waves.vcxproj", "{FE630F0E-F75D-44F2-8B69-437FB835165E}"
EndProject
Global
	GlobalSection(SolutionConfigurationPlatforms) = preSolution
		Debug|Win32 = Debug|Win32
		Release|Win32 = Release|Win32
	EndGlobalSection
	GlobalSection(ProjectConfigurationPlatforms) = postSolution
		{FE630F0E-F75D-44F2-8B69-437FB835165E}.Debug|Win32.ActiveCfg = Debug|Win32
		{FE630F0E-F75D-44F2-8B69-437FB835165E}.Debug|Win32.Build.0 = Debug|Win32
		{FE630F0E-F75D-44F2-8B69-437FB835165E}.Release|Win32.ActiveCfg = Release|Win32
		{FE630F0E-F75D-44F2-8B69-437FB835165E}.Release|Win32.Build.0 = Release|Win32
	EndGlobalSection
	GlobalSection(SolutionProperties) = preSolution
		HideSolutionNode = FALSE
	EndGlobalSection
EndGlobal
